{
    "_readme": [
        "This file locks the dependencies of your project to a known state",
        "Read more about it at https://getcomposer.org/doc/01-basic-usage.md#composer-lock-the-lock-file",
        "This file is @generated automatically"
    ],
    "hash": "e389785aabe4bdb7604e98ff89581c25",
    "packages": [
        {
            "name": "megumi/wp-twig",
            "version": "0.3.1",
            "source": {
                "type": "git",
                "url": "https://github.com/megumi-wp-composer/wp-twig.git",
                "reference": "79c933a48258b622620963628e08941b519c85e1"
            },
            "dist": {
                "type": "zip",
                "url": "https://api.github.com/repos/megumi-wp-composer/wp-twig/zipball/79c933a48258b622620963628e08941b519c85e1",
                "reference": "79c933a48258b622620963628e08941b519c85e1",
                "shasum": ""
            },
            "require": {
                "twig/twig": "~1.0"
            },
            "type": "library",
            "autoload": {
                "psr-0": {
                    "Megumi": "lib/"
                }
            },
            "notification-url": "https://packagist.org/downloads/",
            "license": [
                "GPL2"
            ],
            "authors": [
                {
                    "name": "Takayuki Miyauchi",
                    "email": "miyauchi@digitalcube.jp"
                }
            ],
            "time": "2015-09-05 17:34:53"
        },
        {
            "name": "twig/twig",
            "version": "v1.21.1",
            "source": {
                "type": "git",
                "url": "https://github.com/twigphp/Twig.git",
                "reference": "ca8d3aa90b6a01c82e07909fe815d6b443e75a23"
            },
            "dist": {
                "type": "zip",
                "url": "https://api.github.com/repos/twigphp/Twig/zipball/ca8d3aa90b6a01c82e07909fe815d6b443e75a23",
                "reference": "ca8d3aa90b6a01c82e07909fe815d6b443e75a23",
                "shasum": ""
            },
            "require": {
                "php": ">=5.2.7"
            },
            "require-dev": {
                "symfony/debug": "~2.7",
                "symfony/phpunit-bridge": "~2.7"
            },
            "type": "library",
            "extra": {
                "branch-alias": {
                    "dev-master": "1.21-dev"
                }
            },
            "autoload": {
                "psr-0": {
                    "Twig_": "lib/"
                }
            },
            "notification-url": "https://packagist.org/downloads/",
            "license": [
                "BSD-3-Clause"
            ],
            "authors": [
                {
                    "name": "Fabien Potencier",
                    "email": "fabien@symfony.com",
                    "homepage": "http://fabien.potencier.org",
                    "role": "Lead Developer"
                },
                {
                    "name": "Armin Ronacher",
                    "email": "armin.ronacher@active-4.com",
                    "role": "Project Founder"
                },
                {
                    "name": "Twig Team",
                    "homepage": "http://twig.sensiolabs.org/contributors",
                    "role": "Contributors"
                }
            ],
            "description": "Twig, the flexible, fast, and secure template language for PHP",
            "homepage": "http://twig.sensiolabs.org",
            "keywords": [
                "templating"
            ],
            "time": "2015-08-26 08:58:31"
        }
    ],
    "packages-dev": [],
    "aliases": [],
    "minimum-stability": "stable",
    "stability-flags": [],
    "prefer-stable": false,
    "prefer-lowest": false,
    "platform": [],
    "platform-dev": []
}
